
Microsoft Visual Studio Solution File, Format Version 12.00
# Visual Studio Version 17
VisualStudioVersion = 17.0.31903.59
MinimumVisualStudioVersion = 10.0.40219.1
Project("{2150E333-8FDC-42A3-9474-1A3956D46DE8}") = "src", "src", "{827E0CD3-B72D-47B6-A68D-7590B98EB39B}"
EndProject
Project("{FAE04EC0-301F-11D3-BF4B-00C04F79EFBC}") = "TechsysLog.Domain", "src\TechsysLog.Domain\TechsysLog.Domain.csproj", "{552CB169-635D-4191-8226-0FC456D05115}"
EndProject
Project("{FAE04EC0-301F-11D3-BF4B-00C04F79EFBC}") = "TechsysLog.Application", "src\TechsysLog.Application\TechsysLog.Application.csproj", "{6CEAB796-D930-41BC-849F-718EE7E06E19}"
EndProject
Project("{FAE04EC0-301F-11D3-BF4B-00C04F79EFBC}") = "TechsysLog.Infrastructure", "src\TechsysLog.Infrastructure\TechsysLog.Infrastructure.csproj", "{45D324DC-4B5B-4A7D-B353-C36280707F4A}"
EndProject
Project("{FAE04EC0-301F-11D3-BF4B-00C04F79EFBC}") = "TechsysLog.API", "src\TechsysLog.API\TechsysLog.API.csproj", "{3B715C6E-55D9-4F43-B990-3A2C81CBAD72}"
EndProject
Project("{2150E333-8FDC-42A3-9474-1A3956D46DE8}") = "tests", "tests", "{0AB3BF05-4346-4AA6-1389-037BE0695223}"
EndProject
Project("{FAE04EC0-301F-11D3-BF4B-00C04F79EFBC}") = "TechsysLog.Domain.Tests", "tests\TechsysLog.Domain.Tests\TechsysLog.Domain.Tests.csproj", "{D94F6157-82FF-4DA1-A380-24F9426B712C}"
EndProject
Project("{FAE04EC0-301F-11D3-BF4B-00C04F79EFBC}") = "TechsysLog.Application.Tests", "tests\TechsysLog.Application.Tests\TechsysLog.Application.Tests.csproj", "{C8A4FAE0-7C15-471D-A286-AE4E571C4E01}"
EndProject
Project("{FAE04EC0-301F-11D3-BF4B-00C04F79EFBC}") = "TechsysLog.Integration.Tests", "tests\TechsysLog.Integration.Tests\TechsysLog.Integration.Tests.csproj", "{BEF4B6AC-3998-4C0B-A30D-3360BE94D796}"
EndProject
Global
	GlobalSection(SolutionConfigurationPlatforms) = preSolution
		Debug|Any CPU = Debug|Any CPU
		Debug|x64 = Debug|x64
		Debug|x86 = Debug|x86
		Release|Any CPU = Release|Any CPU
		Release|x64 = Release|x64
		Release|x86 = Release|x86
	EndGlobalSection
	GlobalSection(ProjectConfigurationPlatforms) = postSolution
		{552CB169-635D-4191-8226-0FC456D05115}.Debug|Any CPU.ActiveCfg = Debug|Any CPU
		{552CB169-635D-4191-8226-0FC456D05115}.Debug|Any CPU.Build.0 = Debug|Any CPU
		{552CB169-635D-4191-8226-0FC456D05115}.Debug|x64.ActiveCfg = Debug|Any CPU
		{552CB169-635D-4191-8226-0FC456D05115}.Debug|x64.Build.0 = Debug|Any CPU
		{552CB169-635D-4191-8226-0FC456D05115}.Debug|x86.ActiveCfg = Debug|Any CPU
		{552CB169-635D-4191-8226-0FC456D05115}.Debug|x86.Build.0 = Debug|Any CPU
		{552CB169-635D-4191-8226-0FC456D05115}.Release|Any CPU.ActiveCfg = Release|Any CPU
		{552CB169-635D-4191-8226-0FC456D05115}.Release|Any CPU.Build.0 = Release|Any CPU
		{552CB169-635D-4191-8226-0FC456D05115}.Release|x64.ActiveCfg = Release|Any CPU
		{552CB169-635D-4191-8226-0FC456D05115}.Release|x64.Build.0 = Release|Any CPU
		{552CB169-635D-4191-8226-0FC456D05115}.Release|x86.ActiveCfg = Release|Any CPU
		{552CB169-635D-4191-8226-0FC456D05115}.Release|x86.Build.0 = Release|Any CPU
		{6CEAB796-D930-41BC-849F-718EE7E06E19}.Debug|Any CPU.ActiveCfg = Debug|Any CPU
		{6CEAB796-D930-41BC-849F-718EE7E06E19}.Debug|Any CPU.Build.0 = Debug|Any CPU
		{6CEAB796-D930-41BC-849F-718EE7E06E19}.Debug|x64.ActiveCfg = Debug|Any CPU
		{6CEAB796-D930-41BC-849F-718EE7E06E19}.Debug|x64.Build.0 = Debug|Any CPU
		{6CEAB796-D930-41BC-849F-718EE7E06E19}.Debug|x86.ActiveCfg = Debug|Any CPU
		{6CEAB796-D930-41BC-849F-718EE7E06E19}.Debug|x86.Build.0 = Debug|Any CPU
		{6CEAB796-D930-41BC-849F-718EE7E06E19}.Release|Any CPU.ActiveCfg = Release|Any CPU
		{6CEAB796-D930-41BC-849F-718EE7E06E19}.Release|Any CPU.Build.0 = Release|Any CPU
		{6CEAB796-D930-41BC-849F-718EE7E06E19}.Release|x64.ActiveCfg = Release|Any CPU
		{6CEAB796-D930-41BC-849F-718EE7E06E19}.Release|x64.Build.0 = Release|Any CPU
		{6CEAB796-D930-41BC-849F-718EE7E06E19}.Release|x86.ActiveCfg = Release|Any CPU
		{6CEAB796-D930-41BC-849F-718EE7E06E19}.Release|x86.Build.0 = Release|Any CPU
		{45D324DC-4B5B-4A7D-B353-C36280707F4A}.Debug|Any CPU.ActiveCfg = Debug|Any CPU
		{45D324DC-4B5B-4A7D-B353-C36280707F4A}.Debug|Any CPU.Build.0 = Debug|Any CPU
		{45D324DC-4B5B-4A7D-B353-C36280707F4A}.Debug|x64.ActiveCfg = Debug|Any CPU
		{45D324DC-4B5B-4A7D-B353-C36280707F4A}.Debug|x64.Build.0 = Debug|Any CPU
		{45D324DC-4B5B-4A7D-B353-C36280707F4A}.Debug|x86.ActiveCfg = Debug|Any CPU
		{45D324DC-4B5B-4A7D-B353-C36280707F4A}.Debug|x86.Build.0 = Debug|Any CPU
		{45D324DC-4B5B-4A7D-B353-C36280707F4A}.Release|Any CPU.ActiveCfg = Release|Any CPU
		{45D324DC-4B5B-4A7D-B353-C36280707F4A}.Release|Any CPU.Build.0 = Release|Any CPU
		{45D324DC-4B5B-4A7D-B353-C36280707F4A}.Release|x64.ActiveCfg = Release|Any CPU
		{45D324DC-4B5B-4A7D-B353-C36280707F4A}.Release|x64.Build.0 = Release|Any CPU
		{45D324DC-4B5B-4A7D-B353-C36280707F4A}.Release|x86.ActiveCfg = Release|Any CPU
		{45D324DC-4B5B-4A7D-B353-C36280707F4A}.Release|x86.Build.0 = Release|Any CPU
		{3B715C6E-55D9-4F43-B990-3A2C81CBAD72}.Debug|Any CPU.ActiveCfg = Debug|Any CPU
		{3B715C6E-55D9-4F43-B990-3A2C81CBAD72}.Debug|Any CPU.Build.0 = Debug|Any CPU
		{3B715C6E-55D9-4F43-B990-3A2C81CBAD72}.Debug|x64.ActiveCfg = Debug|Any CPU
		{3B715C6E-55D9-4F43-B990-3A2C81CBAD72}.Debug|x64.Build.0 = Debug|Any CPU
		{3B715C6E-55D9-4F43-B990-3A2C81CBAD72}.Debug|x86.ActiveCfg = Debug|Any CPU
		{3B715C6E-55D9-4F43-B990-3A2C81CBAD72}.Debug|x86.Build.0 = Debug|Any CPU
		{3B715C6E-55D9-4F43-B990-3A2C81CBAD72}.Release|Any CPU.ActiveCfg = Release|Any CPU
		{3B715C6E-55D9-4F43-B990-3A2C81CBAD72}.Release|Any CPU.Build.0 = Release|Any CPU
		{3B715C6E-55D9-4F43-B990-3A2C81CBAD72}.Release|x64.ActiveCfg = Release|Any CPU
		{3B715C6E-55D9-4F43-B990-3A2C81CBAD72}.Release|x64.Build.0 = Release|Any CPU
		{3B715C6E-55D9-4F43-B990-3A2C81CBAD72}.Release|x86.ActiveCfg = Release|Any CPU
		{3B715C6E-55D9-4F43-B990-3A2C81CBAD72}.Release|x86.Build.0 = Release|Any CPU
		{D94F6157-82FF-4DA1-A380-24F9426B712C}.Debug|Any CPU.ActiveCfg = Debug|Any CPU
		{D94F6157-82FF-4DA1-A380-24F9426B712C}.Debug|Any CPU.Build.0 = Debug|Any CPU
		{D94F6157-82FF-4DA1-A380-24F9426B712C}.Debug|x64.ActiveCfg = Debug|Any CPU
		{D94F6157-82FF-4DA1-A380-24F9426B712C}.Debug|x64.Build.0 = Debug|Any CPU
		{D94F6157-82FF-4DA1-A380-24F9426B712C}.Debug|x86.ActiveCfg = Debug|Any CPU
		{D94F6157-82FF-4DA1-A380-24F9426B712C}.Debug|x86.Build.0 = Debug|Any CPU
		{D94F6157-82FF-4DA1-A380-24F9426B712C}.Release|Any CPU.ActiveCfg = Release|Any CPU
		{D94F6157-82FF-4DA1-A380-24F9426B712C}.Release|Any CPU.Build.0 = Release|Any CPU
		{D94F6157-82FF-4DA1-A380-24F9426B712C}.Release|x64.ActiveCfg = Release|Any CPU
		{D94F6157-82FF-4DA1-A380-24F9426B712C}.Release|x64.Build.0 = Release|Any CPU
		{D94F6157-82FF-4DA1-A380-24F9426B712C}.Release|x86.ActiveCfg = Release|Any CPU
		{D94F6157-82FF-4DA1-A380-24F9426B712C}.Release|x86.Build.0 = Release|Any CPU
		{C8A4FAE0-7C15-471D-A286-AE4E571C4E01}.Debug|Any CPU.ActiveCfg = Debug|Any CPU
		{C8A4FAE0-7C15-471D-A286-AE4E571C4E01}.Debug|Any CPU.Build.0 = Debug|Any CPU
		{C8A4FAE0-7C15-471D-A286-AE4E571C4E01}.Debug|x64.ActiveCfg = Debug|Any CPU
		{C8A4FAE0-7C15-471D-A286-AE4E571C4E01}.Debug|x64.Build.0 = Debug|Any CPU
		{C8A4FAE0-7C15-471D-A286-AE4E571C4E01}.Debug|x86.ActiveCfg = Debug|Any CPU
		{C8A4FAE0-7C15-471D-A286-AE4E571C4E01}.Debug|x86.Build.0 = Debug|Any CPU
		{C8A4FAE0-7C15-471D-A286-AE4E571C4E01}.Release|Any CPU.ActiveCfg = Release|Any CPU
		{C8A4FAE0-7C15-471D-A286-AE4E571C4E01}.Release|Any CPU.Build.0 = Release|Any CPU
		{C8A4FAE0-7C15-471D-A286-AE4E571C4E01}.Release|x64.ActiveCfg = Release|Any CPU
		{C8A4FAE0-7C15-471D-A286-AE4E571C4E01}.Release|x64.Build.0 = Release|Any CPU
		{C8A4FAE0-7C15-471D-A286-AE4E571C4E01}.Release|x86.ActiveCfg = Release|Any CPU
		{C8A4FAE0-7C15-471D-A286-AE4E571C4E01}.Release|x86.Build.0 = Release|Any CPU
		{BEF4B6AC-3998-4C0B-A30D-3360BE94D796}.Debug|Any CPU.ActiveCfg = Debug|Any CPU
		{BEF4B6AC-3998-4C0B-A30D-3360BE94D796}.Debug|Any CPU.Build.0 = Debug|Any CPU
		{BEF4B6AC-3998-4C0B-A30D-3360BE94D796}.Debug|x64.ActiveCfg = Debug|Any CPU
		{BEF4B6AC-3998-4C0B-A30D-3360BE94D796}.Debug|x64.Build.0 = Debug|Any CPU
		{BEF4B6AC-3998-4C0B-A30D-3360BE94D796}.Debug|x86.ActiveCfg = Debug|Any CPU
		{BEF4B6AC-3998-4C0B-A30D-3360BE94D796}.Debug|x86.Build.0 = Debug|Any CPU
		{BEF4B6AC-3998-4C0B-A30D-3360BE94D796}.Release|Any CPU.ActiveCfg = Release|Any CPU
		{BEF4B6AC-3998-4C0B-A30D-3360BE94D796}.Release|Any CPU.Build.0 = Release|Any CPU
		{BEF4B6AC-3998-4C0B-A30D-3360BE94D796}.Release|x64.ActiveCfg = Release|Any CPU
		{BEF4B6AC-3998-4C0B-A30D-3360BE94D796}.Release|x64.Build.0 = Release|Any CPU
		{BEF4B6AC-3998-4C0B-A30D-3360BE94D796}.Release|x86.ActiveCfg = Release|Any CPU
		{BEF4B6AC-3998-4C0B-A30D-3360BE94D796}.Release|x86.Build.0 = Release|Any CPU
	EndGlobalSection
	GlobalSection(SolutionProperties) = preSolution
		HideSolutionNode = FALSE
	EndGlobalSection
	GlobalSection(NestedProjects) = preSolution
		{552CB169-635D-4191-8226-0FC456D05115} = {827E0CD3-B72D-47B6-A68D-7590B98EB39B}
		{6CEAB796-D930-41BC-849F-718EE7E06E19} = {827E0CD3-B72D-47B6-A68D-7590B98EB39B}
		{45D324DC-4B5B-4A7D-B353-C36280707F4A} = {827E0CD3-B72D-47B6-A68D-7590B98EB39B}
		{3B715C6E-55D9-4F43-B990-3A2C81CBAD72} = {827E0CD3-B72D-47B6-A68D-7590B98EB39B}
		{D94F6157-82FF-4DA1-A380-24F9426B712C} = {0AB3BF05-4346-4AA6-1389-037BE0695223}
		{C8A4FAE0-7C15-471D-A286-AE4E571C4E01} = {0AB3BF05-4346-4AA6-1389-037BE0695223}
		{BEF4B6AC-3998-4C0B-A30D-3360BE94D796} = {0AB3BF05-4346-4AA6-1389-037BE0695223}
	EndGlobalSection
EndGlobal
